
Microsoft Visual Studio Solution File, Format Version 12.00
# Visual Studio Version 17
VisualStudioVersion = 17.13.35913.81
MinimumVisualStudioVersion = 10.0.40219.1
Project("{FAE04EC0-301F-11D3-BF4B-00C04F79EFBC}") = "Задача4", "Задача4.csproj", "{69A2D535-E96D-4694-949D-1A6AFFC3EE6D}"
EndProject
Global
	GlobalSection(SolutionConfigurationPlatforms) = preSolution
		Debug|Any CPU = Debug|Any CPU
		Release|Any CPU = Release|Any CPU
	EndGlobalSection
	GlobalSection(ProjectConfigurationPlatforms) = postSolution
		{69A2D535-E96D-4694-949D-1A6AFFC3EE6D}.Debug|Any CPU.ActiveCfg = Debug|Any CPU
		{69A2D535-E96D-4694-949D-1A6AFFC3EE6D}.Debug|Any CPU.Build.0 = Debug|Any CPU
		{69A2D535-E96D-4694-949D-1A6AFFC3EE6D}.Release|Any CPU.ActiveCfg = Release|Any CPU
		{69A2D535-E96D-4694-949D-1A6AFFC3EE6D}.Release|Any CPU.Build.0 = Release|Any CPU
	EndGlobalSection
	GlobalSection(SolutionProperties) = preSolution
		HideSolutionNode = FALSE
	EndGlobalSection
	GlobalSection(ExtensibilityGlobals) = postSolution
		SolutionGuid = {663E20CB-554E-4B89-BC40-6808D6E6892F}
	EndGlobalSection
EndGlobal
